PODS:
  - CocoaAsyncSocket (7.3.4)
  - CocoaLumberjack (1.6.5.1):
    - CocoaLumberjack/Core
    - CocoaLumberjack/Extensions
  - CocoaLumberjack/Core (1.6.5.1)
  - CocoaLumberjack/Extensions (1.6.5.1):
    - CocoaLumberjack/Core
  - FXKeychain (1.4)
  - XMPPFramework/Authentication (3.6.1):
    - XMPPFramework/Core
  - XMPPFramework/Categories (3.6.1):
    - XMPPFramework/Core
  - XMPPFramework/Core (3.6.1):
    - CocoaAsyncSocket (~> 7.3.1)
    - CocoaLumberjack (~> 1.6.2)
    - XMPPFramework/Authentication
    - XMPPFramework/Categories
    - XMPPFramework/KissXML
    - XMPPFramework/Utilities
  - XMPPFramework/CoreDataStorage (3.6.1):
    - XMPPFramework/Core
  - XMPPFramework/KissXML (3.6.1):
    - XMPPFramework/Core
  - XMPPFramework/Reconnect (3.6.1):
    - XMPPFramework/Core
  - XMPPFramework/Roster (3.6.1):
    - XMPPFramework/Core
    - XMPPFramework/CoreDataStorage
    - XMPPFramework/XEP-0203
  - XMPPFramework/Utilities (3.6.1):
    - XMPPFramework/Core
  - XMPPFramework/XEP-0045 (3.6.1):
    - XMPPFramework/Core
    - XMPPFramework/CoreDataStorage
    - XMPPFramework/XEP-0203
  - XMPPFramework/XEP-0082 (3.6.1):
    - XMPPFramework/Core
  - XMPPFramework/XEP-0203 (3.6.1):
    - XMPPFramework/Core
    - XMPPFramework/XEP-0082

DEPENDENCIES:
  - FXKeychain
  - XMPPFramework/Core (from `xmpp.podspec`)
  - XMPPFramework/Reconnect (from `xmpp.podspec`)
  - XMPPFramework/Roster (from `xmpp.podspec`)
  - XMPPFramework/XEP-0045 (from `xmpp.podspec`)

EXTERNAL SOURCES:
  XMPPFramework:
    :podspec: xmpp.podspec

SPEC CHECKSUMS:
  CocoaAsyncSocket: 534d09416f992fd51efb23f534742ce70b3a7999
  CocoaLumberjack: 17803afbade3126a377d32b8d23367264b44ced6
  FXKeychain: 649efca683aa602c446620701a46780515d25610
  XMPPFramework: 497aa5e1173ad51124b81f53264fd64e83adc4e3

COCOAPODS: 0.32.1
