// !$*UTF8*$!
{
	archiveVersion = 1;
	classes = {
	};
	objectVersion = 46;
	objects = {

/* Begin PBXBuildFile section */
		2674978684C44FDF8BB44FBB /* libPods.a in Frameworks */ = {isa = PBXBuildFile; fileRef = 5E156E753AD44996897DFA13 /* libPods.a */; };
		5B154F5417D0BABF004AAD86 /* SystemConfiguration.framework in Frameworks */ = {isa = PBXBuildFile; fileRef = 798D5FB917CCABB800B27757 /* SystemConfiguration.framework */; };
		5B154F5517D0BB14004AAD86 /* Foundation.framework in Frameworks */ = {isa = PBXBuildFile; fileRef = 794491BE171995FF000D53ED /* Foundation.framework */; };
		5B154F5B17D0BED3004AAD86 /* MXi-Prefix.pch in Headers */ = {isa = PBXBuildFile; fileRef = 794491B017199564000D53ED /* MXi-Prefix.pch */; };
		5B154F5C17D0BED4004AAD86 /* MXi-Prefix.pch in Headers */ = {isa = PBXBuildFile; fileRef = 794491B017199564000D53ED /* MXi-Prefix.pch */; settings = {ATTRIBUTES = (Public, ); }; };
		5B1C4022180EDA720029030E /* MXiService.h in Headers */ = {isa = PBXBuildFile; fileRef = 5B1C4020180EDA720029030E /* MXiService.h */; };
		5B1C4023180EDA720029030E /* MXiService.h in Headers */ = {isa = PBXBuildFile; fileRef = 5B1C4020180EDA720029030E /* MXiService.h */; };
		5B1C4024180EDA720029030E /* MXiService.m in Sources */ = {isa = PBXBuildFile; fileRef = 5B1C4021180EDA720029030E /* MXiService.m */; };
		5B1C4025180EDA720029030E /* MXiService.m in Sources */ = {isa = PBXBuildFile; fileRef = 5B1C4021180EDA720029030E /* MXiService.m */; };
		5B289A1F181D1B0800947F30 /* MXi.h in CopyFiles */ = {isa = PBXBuildFile; fileRef = 794491B117199564000D53ED /* MXi.h */; };
		5B289A20181D1B0800947F30 /* MXiConnection.h in CopyFiles */ = {isa = PBXBuildFile; fileRef = 79F3944E17200551003F348C /* MXiConnection.h */; };
		5B289A21181D1B0800947F30 /* MXiConnection.m in CopyFiles */ = {isa = PBXBuildFile; fileRef = 79F3944F17200551003F348C /* MXiConnection.m */; };
		5B289A22181D1B0800947F30 /* MXiBean.h in CopyFiles */ = {isa = PBXBuildFile; fileRef = 79A4DD7C175A22FC00E6BDE4 /* MXiBean.h */; };
		5B289A23181D1B0800947F30 /* MXiBean.m in CopyFiles */ = {isa = PBXBuildFile; fileRef = 79A4DD7D175A22FC00E6BDE4 /* MXiBean.m */; };
		5B289A24181D1B0800947F30 /* MXiStanzaDelegate.h in CopyFiles */ = {isa = PBXBuildFile; fileRef = 79A4DDA1175BA80300E6BDE4 /* MXiStanzaDelegate.h */; };
		5B289A25181D1B0800947F30 /* MXiBeanDelegate.h in CopyFiles */ = {isa = PBXBuildFile; fileRef = 79A4DDA7175BF38500E6BDE4 /* MXiBeanDelegate.h */; };
		5B289A26181D1B0800947F30 /* MXiPresenceDelegate.h in CopyFiles */ = {isa = PBXBuildFile; fileRef = 79A4DDA4175BA82800E6BDE4 /* MXiPresenceDelegate.h */; };
		5B289A27181D1B0800947F30 /* MXiOutgoingBean.h in CopyFiles */ = {isa = PBXBuildFile; fileRef = 79A4DD82175A55AC00E6BDE4 /* MXiOutgoingBean.h */; };
		5B289A28181D1B0800947F30 /* MXiIncomingBean.h in CopyFiles */ = {isa = PBXBuildFile; fileRef = 79A4DD98175A6B4700E6BDE4 /* MXiIncomingBean.h */; };
		5B289A29181D1B0800947F30 /* MXiBeanConverter.h in CopyFiles */ = {isa = PBXBuildFile; fileRef = 79A4DD8C175A5D2700E6BDE4 /* MXiBeanConverter.h */; };
		5B289A2A181D1B0800947F30 /* MXiBeanConverter.m in CopyFiles */ = {isa = PBXBuildFile; fileRef = 79A4DD8D175A5D2700E6BDE4 /* MXiBeanConverter.m */; };
		5B289A2B181D1B0800947F30 /* MXiIQTypeLookup.h in CopyFiles */ = {isa = PBXBuildFile; fileRef = 79A4DD92175A5FD300E6BDE4 /* MXiIQTypeLookup.h */; };
		5B289A2C181D1B0800947F30 /* MXiIQTypeLookup.m in CopyFiles */ = {isa = PBXBuildFile; fileRef = 79A4DD93175A5FD300E6BDE4 /* MXiIQTypeLookup.m */; };
		5B289A2D181D1B0800947F30 /* NSString+Selector.h in CopyFiles */ = {isa = PBXBuildFile; fileRef = BF8CBD2F7FCF91F5D3F96386 /* NSString+Selector.h */; };
		5B289A2E181D1B0800947F30 /* NSString+Selector.m in CopyFiles */ = {isa = PBXBuildFile; fileRef = BF8CB857AAAD451374CE2F4D /* NSString+Selector.m */; };
		5B289A2F181D1B0800947F30 /* IncomingBeanDetection.h in CopyFiles */ = {isa = PBXBuildFile; fileRef = BF8CB80E5B913C619C492375 /* IncomingBeanDetection.h */; };
		5B289A30181D1B0800947F30 /* IncomingBeanDetection.m in CopyFiles */ = {isa = PBXBuildFile; fileRef = BF8CB45C30B5D7AD64060F96 /* IncomingBeanDetection.m */; };
		5B289A31181D1B0800947F30 /* AccountManager.m in CopyFiles */ = {isa = PBXBuildFile; fileRef = BF8CB3DEE0E9030529613B43 /* AccountManager.m */; };
		5B289A32181D1B0800947F30 /* AccountManager.h in CopyFiles */ = {isa = PBXBuildFile; fileRef = BF8CB5EB81F5D4F34239D7F2 /* AccountManager.h */; };
		5B289A33181D1B0800947F30 /* Account.m in CopyFiles */ = {isa = PBXBuildFile; fileRef = BF8CBE57C68BAD89074663D0 /* Account.m */; };
		5B289A34181D1B0800947F30 /* Account.h in CopyFiles */ = {isa = PBXBuildFile; fileRef = BF8CBBDE971A5C43A62477FC /* Account.h */; };
		5B289A35181D1B0800947F30 /* DefaultSettings.m in CopyFiles */ = {isa = PBXBuildFile; fileRef = BF8CBC747E27EF22E66F0355 /* DefaultSettings.m */; };
		5B289A36181D1B0800947F30 /* DefaultSettings.h in CopyFiles */ = {isa = PBXBuildFile; fileRef = BF8CBA5C16CB14C9986547DF /* DefaultSettings.h */; };
		5B289A37181D1B0800947F30 /* MXiService.h in CopyFiles */ = {isa = PBXBuildFile; fileRef = 5B1C4020180EDA720029030E /* MXiService.h */; };
		5B289A38181D1B0800947F30 /* MXiService.m in CopyFiles */ = {isa = PBXBuildFile; fileRef = 5B1C4021180EDA720029030E /* MXiService.m */; };
		5B289A39181D1B0800947F30 /* MXiMultiUserChatDiscovery.m in CopyFiles */ = {isa = PBXBuildFile; fileRef = BF8CB4FFC599C36309F70F9C /* MXiMultiUserChatDiscovery.m */; };
		5B289A3A181D1B0800947F30 /* MXiMultiUserChatDiscovery.h in CopyFiles */ = {isa = PBXBuildFile; fileRef = BF8CB24BEE6CABF9B1242256 /* MXiMultiUserChatDiscovery.h */; };
		5B289A3B181D1B0800947F30 /* MXiMultiUserChatRoom.m in CopyFiles */ = {isa = PBXBuildFile; fileRef = BF8CB9A9E558869874872CEB /* MXiMultiUserChatRoom.m */; };
		5B289A3C181D1B0800947F30 /* MXiMultiUserChatRoom.h in CopyFiles */ = {isa = PBXBuildFile; fileRef = BF8CBB22DC9E48CE9D482547 /* MXiMultiUserChatRoom.h */; };
		5B63EE5E17D1DC5C00CD8667 /* MXiMultiUserChatDelegate.h in Headers */ = {isa = PBXBuildFile; fileRef = 5B63EE5D17D1DC5C00CD8667 /* MXiMultiUserChatDelegate.h */; settings = {ATTRIBUTES = (Public, ); }; };
		5B63EE5F17D1DC5C00CD8667 /* MXiMultiUserChatDelegate.h in Headers */ = {isa = PBXBuildFile; fileRef = 5B63EE5D17D1DC5C00CD8667 /* MXiMultiUserChatDelegate.h */; settings = {ATTRIBUTES = (Public, ); }; };
		5B63EE6717D20D8100CD8667 /* MXiMultiUserChatMessage.h in Headers */ = {isa = PBXBuildFile; fileRef = 5B63EE6517D20D8100CD8667 /* MXiMultiUserChatMessage.h */; settings = {ATTRIBUTES = (); }; };
		5B63EE6817D20D8100CD8667 /* MXiMultiUserChatMessage.h in Headers */ = {isa = PBXBuildFile; fileRef = 5B63EE6517D20D8100CD8667 /* MXiMultiUserChatMessage.h */; };
		5B63EE6917D20D8100CD8667 /* MXiMultiUserChatMessage.m in Sources */ = {isa = PBXBuildFile; fileRef = 5B63EE6617D20D8100CD8667 /* MXiMultiUserChatMessage.m */; };
		5B63EE6A17D20D8100CD8667 /* MXiMultiUserChatMessage.m in Sources */ = {isa = PBXBuildFile; fileRef = 5B63EE6617D20D8100CD8667 /* MXiMultiUserChatMessage.m */; };
		5B7784AC17D0C00700135C17 /* Foundation.framework in Frameworks */ = {isa = PBXBuildFile; fileRef = 794491BE171995FF000D53ED /* Foundation.framework */; };
		5BA1E7A918081F5F0030C1FF /* libresolv.dylib in Frameworks */ = {isa = PBXBuildFile; fileRef = 5B1FC78617EAEAFA0071C1E3 /* libresolv.dylib */; };
		5BD4E2B1D20A44FAA71F9E1F /* libPods.a in Frameworks */ = {isa = PBXBuildFile; fileRef = 5E156E753AD44996897DFA13 /* libPods.a */; };
		794491A517199564000D53ED /* Cocoa.framework in Frameworks */ = {isa = PBXBuildFile; fileRef = 794491A417199564000D53ED /* Cocoa.framework */; };
		794491AF17199564000D53ED /* InfoPlist.strings in Resources */ = {isa = PBXBuildFile; fileRef = 794491AD17199564000D53ED /* InfoPlist.strings */; };
		794491CA171996A4000D53ED /* MXi.h in Headers */ = {isa = PBXBuildFile; fileRef = 794491B117199564000D53ED /* MXi.h */; settings = {ATTRIBUTES = (Public, ); }; };
		794491CC171996D2000D53ED /* MXi.h in Headers */ = {isa = PBXBuildFile; fileRef = 794491B117199564000D53ED /* MXi.h */; settings = {ATTRIBUTES = (Public, ); }; };
		797C040D171C216A00B40FFC /* CFNetwork.framework in Frameworks */ = {isa = PBXBuildFile; fileRef = 797C040C171C216A00B40FFC /* CFNetwork.framework */; };
		797C040F171C218000B40FFC /* Security.framework in Frameworks */ = {isa = PBXBuildFile; fileRef = 797C040E171C218000B40FFC /* Security.framework */; };
		797C0410171C218700B40FFC /* Security.framework in Frameworks */ = {isa = PBXBuildFile; fileRef = 797C040E171C218000B40FFC /* Security.framework */; };
		797C0411171C218B00B40FFC /* CFNetwork.framework in Frameworks */ = {isa = PBXBuildFile; fileRef = 797C040C171C216A00B40FFC /* CFNetwork.framework */; };
		797C0437171C231C00B40FFC /* libidn.a in Frameworks */ = {isa = PBXBuildFile; fileRef = 797C0434171C231C00B40FFC /* libidn.a */; };
		797C04DA171C23DF00B40FFC /* libresolv.dylib in Frameworks */ = {isa = PBXBuildFile; fileRef = 797C04D9171C23DF00B40FFC /* libresolv.dylib */; };
		798D5FBA17CCABB800B27757 /* SystemConfiguration.framework in Frameworks */ = {isa = PBXBuildFile; fileRef = 798D5FB917CCABB800B27757 /* SystemConfiguration.framework */; };
		79A4DD7E175A22FC00E6BDE4 /* MXiBean.h in Headers */ = {isa = PBXBuildFile; fileRef = 79A4DD7C175A22FC00E6BDE4 /* MXiBean.h */; settings = {ATTRIBUTES = (Private, ); }; };
		79A4DD7F175A22FC00E6BDE4 /* MXiBean.h in Headers */ = {isa = PBXBuildFile; fileRef = 79A4DD7C175A22FC00E6BDE4 /* MXiBean.h */; settings = {ATTRIBUTES = (Public, ); }; };
		79A4DD80175A22FC00E6BDE4 /* MXiBean.m in Sources */ = {isa = PBXBuildFile; fileRef = 79A4DD7D175A22FC00E6BDE4 /* MXiBean.m */; };
		79A4DD81175A22FC00E6BDE4 /* MXiBean.m in Sources */ = {isa = PBXBuildFile; fileRef = 79A4DD7D175A22FC00E6BDE4 /* MXiBean.m */; };
		79A4DD84175A55AC00E6BDE4 /* MXiOutgoingBean.h in Headers */ = {isa = PBXBuildFile; fileRef = 79A4DD82175A55AC00E6BDE4 /* MXiOutgoingBean.h */; settings = {ATTRIBUTES = (Private, ); }; };
		79A4DD85175A55AC00E6BDE4 /* MXiOutgoingBean.h in Headers */ = {isa = PBXBuildFile; fileRef = 79A4DD82175A55AC00E6BDE4 /* MXiOutgoingBean.h */; settings = {ATTRIBUTES = (Public, ); }; };
		79A4DD8E175A5D2700E6BDE4 /* MXiBeanConverter.h in Headers */ = {isa = PBXBuildFile; fileRef = 79A4DD8C175A5D2700E6BDE4 /* MXiBeanConverter.h */; settings = {ATTRIBUTES = (Private, ); }; };
		79A4DD8F175A5D2700E6BDE4 /* MXiBeanConverter.h in Headers */ = {isa = PBXBuildFile; fileRef = 79A4DD8C175A5D2700E6BDE4 /* MXiBeanConverter.h */; settings = {ATTRIBUTES = (Public, ); }; };
		79A4DD90175A5D2700E6BDE4 /* MXiBeanConverter.m in Sources */ = {isa = PBXBuildFile; fileRef = 79A4DD8D175A5D2700E6BDE4 /* MXiBeanConverter.m */; };
		79A4DD91175A5D2700E6BDE4 /* MXiBeanConverter.m in Sources */ = {isa = PBXBuildFile; fileRef = 79A4DD8D175A5D2700E6BDE4 /* MXiBeanConverter.m */; };
		79A4DD94175A5FD300E6BDE4 /* MXiIQTypeLookup.h in Headers */ = {isa = PBXBuildFile; fileRef = 79A4DD92175A5FD300E6BDE4 /* MXiIQTypeLookup.h */; settings = {ATTRIBUTES = (Private, ); }; };
		79A4DD95175A5FD300E6BDE4 /* MXiIQTypeLookup.h in Headers */ = {isa = PBXBuildFile; fileRef = 79A4DD92175A5FD300E6BDE4 /* MXiIQTypeLookup.h */; settings = {ATTRIBUTES = (Public, ); }; };
		79A4DD96175A5FD300E6BDE4 /* MXiIQTypeLookup.m in Sources */ = {isa = PBXBuildFile; fileRef = 79A4DD93175A5FD300E6BDE4 /* MXiIQTypeLookup.m */; };
		79A4DD97175A5FD300E6BDE4 /* MXiIQTypeLookup.m in Sources */ = {isa = PBXBuildFile; fileRef = 79A4DD93175A5FD300E6BDE4 /* MXiIQTypeLookup.m */; };
		79A4DD99175A6B4700E6BDE4 /* MXiIncomingBean.h in Headers */ = {isa = PBXBuildFile; fileRef = 79A4DD98175A6B4700E6BDE4 /* MXiIncomingBean.h */; settings = {ATTRIBUTES = (Private, ); }; };
		79A4DD9A175A6B4700E6BDE4 /* MXiIncomingBean.h in Headers */ = {isa = PBXBuildFile; fileRef = 79A4DD98175A6B4700E6BDE4 /* MXiIncomingBean.h */; settings = {ATTRIBUTES = (Public, ); }; };
		79A4DDA2175BA80300E6BDE4 /* MXiStanzaDelegate.h in Headers */ = {isa = PBXBuildFile; fileRef = 79A4DDA1175BA80300E6BDE4 /* MXiStanzaDelegate.h */; settings = {ATTRIBUTES = (Private, ); }; };
		79A4DDA3175BA80300E6BDE4 /* MXiStanzaDelegate.h in Headers */ = {isa = PBXBuildFile; fileRef = 79A4DDA1175BA80300E6BDE4 /* MXiStanzaDelegate.h */; settings = {ATTRIBUTES = (Public, ); }; };
		79A4DDA5175BA82800E6BDE4 /* MXiPresenceDelegate.h in Headers */ = {isa = PBXBuildFile; fileRef = 79A4DDA4175BA82800E6BDE4 /* MXiPresenceDelegate.h */; settings = {ATTRIBUTES = (Private, ); }; };
		79A4DDA6175BA82800E6BDE4 /* MXiPresenceDelegate.h in Headers */ = {isa = PBXBuildFile; fileRef = 79A4DDA4175BA82800E6BDE4 /* MXiPresenceDelegate.h */; settings = {ATTRIBUTES = (Public, ); }; };
		79A4DDA8175BF38500E6BDE4 /* MXiBeanDelegate.h in Headers */ = {isa = PBXBuildFile; fileRef = 79A4DDA7175BF38500E6BDE4 /* MXiBeanDelegate.h */; settings = {ATTRIBUTES = (Private, ); }; };
		79A4DDA9175BF38500E6BDE4 /* MXiBeanDelegate.h in Headers */ = {isa = PBXBuildFile; fileRef = 79A4DDA7175BF38500E6BDE4 /* MXiBeanDelegate.h */; settings = {ATTRIBUTES = (Public, ); }; };
		79F3945017200551003F348C /* MXiConnection.h in Headers */ = {isa = PBXBuildFile; fileRef = 79F3944E17200551003F348C /* MXiConnection.h */; settings = {ATTRIBUTES = (Private, ); }; };
		79F3945117200551003F348C /* MXiConnection.h in Headers */ = {isa = PBXBuildFile; fileRef = 79F3944E17200551003F348C /* MXiConnection.h */; settings = {ATTRIBUTES = (Public, ); }; };
		79F3945217200551003F348C /* MXiConnection.m in Sources */ = {isa = PBXBuildFile; fileRef = 79F3944F17200551003F348C /* MXiConnection.m */; };
		79F3945317200551003F348C /* MXiConnection.m in Sources */ = {isa = PBXBuildFile; fileRef = 79F3944F17200551003F348C /* MXiConnection.m */; };
		BF8CB024BA3CFC3B900F5940 /* MXiMultiUserChatRoom.h in Headers */ = {isa = PBXBuildFile; fileRef = BF8CBB22DC9E48CE9D482547 /* MXiMultiUserChatRoom.h */; };
		BF8CB0449E06092C75361374 /* Account.h in Headers */ = {isa = PBXBuildFile; fileRef = BF8CBBDE971A5C43A62477FC /* Account.h */; };
		BF8CB07BD0F3F870D662874F /* IncomingBeanDetection.m in Sources */ = {isa = PBXBuildFile; fileRef = BF8CB45C30B5D7AD64060F96 /* IncomingBeanDetection.m */; settings = {COMPILER_FLAGS = "-fno-objc-arc"; }; };
		BF8CB0ECFC9A07248564E6F5 /* Account.h in Headers */ = {isa = PBXBuildFile; fileRef = BF8CBBDE971A5C43A62477FC /* Account.h */; };
		BF8CB123D42E28DE3FFAD86C /* DefaultSettings.h in Headers */ = {isa = PBXBuildFile; fileRef = BF8CBA5C16CB14C9986547DF /* DefaultSettings.h */; };
		BF8CB16990C945348CB06D4E /* MXiDelegateSelectorMapping.h in Headers */ = {isa = PBXBuildFile; fileRef = BF8CBC6AB63AF23ABCE6F0D5 /* MXiDelegateSelectorMapping.h */; settings = {ATTRIBUTES = (Private, ); }; };
		BF8CB3C476C799BEA353E883 /* AccountManager.h in Headers */ = {isa = PBXBuildFile; fileRef = BF8CB5EB81F5D4F34239D7F2 /* AccountManager.h */; };
		BF8CB40BE6EBCEC2D52A3F56 /* MXiDelegateDictionary.h in Headers */ = {isa = PBXBuildFile; fileRef = BF8CB9A73C88963E419ADF97 /* MXiDelegateDictionary.h */; settings = {ATTRIBUTES = (Private, ); }; };
		BF8CB4277D3EDD10077A31BC /* MXiMultiUserChatRoom.m in Sources */ = {isa = PBXBuildFile; fileRef = BF8CB9A9E558869874872CEB /* MXiMultiUserChatRoom.m */; };
		BF8CB4570794E3F69DFDE52E /* MXiDelegateSelectorMapping.m in Sources */ = {isa = PBXBuildFile; fileRef = BF8CB39146D79067F5DA5B96 /* MXiDelegateSelectorMapping.m */; };
		BF8CB4575DA520C34E9BCF8E /* MXiMultiUserChatDiscovery.m in Sources */ = {isa = PBXBuildFile; fileRef = BF8CB4FFC599C36309F70F9C /* MXiMultiUserChatDiscovery.m */; };
		BF8CB45D127EC862D58940ED /* NSString+Selector.m in Sources */ = {isa = PBXBuildFile; fileRef = BF8CB857AAAD451374CE2F4D /* NSString+Selector.m */; };
		BF8CB60EB0F0AA251A2F616C /* MXiDelegateDictionary.m in Sources */ = {isa = PBXBuildFile; fileRef = BF8CB5963DED470DCC7E4654 /* MXiDelegateDictionary.m */; };
		BF8CB6AC574D41F464847F0B /* IncomingBeanDetection.m in Sources */ = {isa = PBXBuildFile; fileRef = BF8CB45C30B5D7AD64060F96 /* IncomingBeanDetection.m */; settings = {COMPILER_FLAGS = "-fno-objc-arc"; }; };
		BF8CB72034006A3E3B0E62BC /* Account.m in Sources */ = {isa = PBXBuildFile; fileRef = BF8CBE57C68BAD89074663D0 /* Account.m */; };
		BF8CB754E5E126DE28D277B9 /* DefaultSettings.h in Headers */ = {isa = PBXBuildFile; fileRef = BF8CBA5C16CB14C9986547DF /* DefaultSettings.h */; };
		BF8CB7EE9BF061534A891A74 /* AccountManager.m in Sources */ = {isa = PBXBuildFile; fileRef = BF8CB3DEE0E9030529613B43 /* AccountManager.m */; };
		BF8CB82094A2C76FBE7D15E2 /* MXiConnectionHandler.m in Sources */ = {isa = PBXBuildFile; fileRef = BF8CB38D33BCC48E269C7C85 /* MXiConnectionHandler.m */; };
		BF8CB86D7DB6F8F9C567C4B4 /* MXiMultiUserChatDiscovery.m in Sources */ = {isa = PBXBuildFile; fileRef = BF8CB4FFC599C36309F70F9C /* MXiMultiUserChatDiscovery.m */; };
		BF8CB93FB9C9E52EFF8A5249 /* DefaultSettings.m in Sources */ = {isa = PBXBuildFile; fileRef = BF8CBC747E27EF22E66F0355 /* DefaultSettings.m */; };
		BF8CB9C633D260D74B02C5B2 /* MXiMultiUserChatDiscovery.h in Headers */ = {isa = PBXBuildFile; fileRef = BF8CB24BEE6CABF9B1242256 /* MXiMultiUserChatDiscovery.h */; };
		BF8CBA044101DB4EE3F44792 /* AccountManager.m in Sources */ = {isa = PBXBuildFile; fileRef = BF8CB3DEE0E9030529613B43 /* AccountManager.m */; };
		BF8CBA0A817ED5B992E06830 /* NSString+Selector.h in Headers */ = {isa = PBXBuildFile; fileRef = BF8CBD2F7FCF91F5D3F96386 /* NSString+Selector.h */; };
		BF8CBA5643DD0E8DCB057D2C /* IncomingBeanDetection.h in Headers */ = {isa = PBXBuildFile; fileRef = BF8CB80E5B913C619C492375 /* IncomingBeanDetection.h */; };
		BF8CBAC651DB672FA21F1096 /* MXiConnectionHandler.m in Sources */ = {isa = PBXBuildFile; fileRef = BF8CB38D33BCC48E269C7C85 /* MXiConnectionHandler.m */; };
		BF8CBB36E6E1A347A1B22E5E /* NSString+Selector.m in Sources */ = {isa = PBXBuildFile; fileRef = BF8CB857AAAD451374CE2F4D /* NSString+Selector.m */; };
		BF8CBB81919142F66A5B71AC /* IncomingBeanDetection.h in Headers */ = {isa = PBXBuildFile; fileRef = BF8CB80E5B913C619C492375 /* IncomingBeanDetection.h */; };
		BF8CBBE0DDFFFE803C29EBC2 /* MXiDelegateDictionary.m in Sources */ = {isa = PBXBuildFile; fileRef = BF8CB5963DED470DCC7E4654 /* MXiDelegateDictionary.m */; };
		BF8CBCB3D71457922106CCB7 /* MXiMultiUserChatRoom.m in Sources */ = {isa = PBXBuildFile; fileRef = BF8CB9A9E558869874872CEB /* MXiMultiUserChatRoom.m */; };
		BF8CBCBA5CBD8D9DEF8F55A2 /* MXiDelegateSelectorMapping.h in Headers */ = {isa = PBXBuildFile; fileRef = BF8CBC6AB63AF23ABCE6F0D5 /* MXiDelegateSelectorMapping.h */; settings = {ATTRIBUTES = (Public, ); }; };
		BF8CBD4BDC06BBD7DF70E647 /* AccountManager.h in Headers */ = {isa = PBXBuildFile; fileRef = BF8CB5EB81F5D4F34239D7F2 /* AccountManager.h */; };
		BF8CBD76235D95E4A6A1B264 /* DefaultSettings.m in Sources */ = {isa = PBXBuildFile; fileRef = BF8CBC747E27EF22E66F0355 /* DefaultSettings.m */; };
		BF8CBDABD70C7CAB130A9BA2 /* Account.m in Sources */ = {isa = PBXBuildFile; fileRef = BF8CBE57C68BAD89074663D0 /* Account.m */; };
		BF8CBE0A9B6769F4214647BB /* NSString+Selector.h in Headers */ = {isa = PBXBuildFile; fileRef = BF8CBD2F7FCF91F5D3F96386 /* NSString+Selector.h */; };
		BF8CBE1A3B3C7AC13A75E6C9 /* MXiDelegateDictionary.h in Headers */ = {isa = PBXBuildFile; fileRef = BF8CB9A73C88963E419ADF97 /* MXiDelegateDictionary.h */; settings = {ATTRIBUTES = (Public, ); }; };
		BF8CBE21261AE7444300BA0D /* MXiMultiUserChatRoom.h in Headers */ = {isa = PBXBuildFile; fileRef = BF8CBB22DC9E48CE9D482547 /* MXiMultiUserChatRoom.h */; };
		BF8CBE5CFF39A20AF6A3C5F5 /* MXiConnectionHandler.h in Headers */ = {isa = PBXBuildFile; fileRef = BF8CBF0B74607A09404C4201 /* MXiConnectionHandler.h */; settings = {ATTRIBUTES = (Public, ); }; };
		BF8CBE9AA20EF758CDFAF014 /* MXiConnectionHandler.h in Headers */ = {isa = PBXBuildFile; fileRef = BF8CBF0B74607A09404C4201 /* MXiConnectionHandler.h */; settings = {ATTRIBUTES = (Private, ); }; };
		BF8CBF0051D1DAED8E21364D /* MXiMultiUserChatDiscovery.h in Headers */ = {isa = PBXBuildFile; fileRef = BF8CB24BEE6CABF9B1242256 /* MXiMultiUserChatDiscovery.h */; };
		BF8CBF851492F764D4DAA66E /* MXiDelegateSelectorMapping.m in Sources */ = {isa = PBXBuildFile; fileRef = BF8CB39146D79067F5DA5B96 /* MXiDelegateSelectorMapping.m */; };
/* End PBXBuildFile section */

/* Begin PBXCopyFilesBuildPhase section */
		794491BB171995FF000D53ED /* CopyFiles */ = {
			isa = PBXCopyFilesBuildPhase;
			buildActionMask = 2147483647;
			dstPath = "include/${PRODUCT_NAME}";
			dstSubfolderSpec = 16;
			files = (
				5B289A1F181D1B0800947F30 /* MXi.h in CopyFiles */,
				5B289A20181D1B0800947F30 /* MXiConnection.h in CopyFiles */,
				5B289A21181D1B0800947F30 /* MXiConnection.m in CopyFiles */,
				5B289A22181D1B0800947F30 /* MXiBean.h in CopyFiles */,
				5B289A23181D1B0800947F30 /* MXiBean.m in CopyFiles */,
				5B289A24181D1B0800947F30 /* MXiStanzaDelegate.h in CopyFiles */,
				5B289A25181D1B0800947F30 /* MXiBeanDelegate.h in CopyFiles */,
				5B289A26181D1B0800947F30 /* MXiPresenceDelegate.h in CopyFiles */,
				5B289A27181D1B0800947F30 /* MXiOutgoingBean.h in CopyFiles */,
				5B289A28181D1B0800947F30 /* MXiIncomingBean.h in CopyFiles */,
				5B289A29181D1B0800947F30 /* MXiBeanConverter.h in CopyFiles */,
				5B289A2A181D1B0800947F30 /* MXiBeanConverter.m in CopyFiles */,
				5B289A2B181D1B0800947F30 /* MXiIQTypeLookup.h in CopyFiles */,
				5B289A2C181D1B0800947F30 /* MXiIQTypeLookup.m in CopyFiles */,
				5B289A2D181D1B0800947F30 /* NSString+Selector.h in CopyFiles */,
				5B289A2E181D1B0800947F30 /* NSString+Selector.m in CopyFiles */,
				5B289A2F181D1B0800947F30 /* IncomingBeanDetection.h in CopyFiles */,
				5B289A30181D1B0800947F30 /* IncomingBeanDetection.m in CopyFiles */,
				5B289A31181D1B0800947F30 /* AccountManager.m in CopyFiles */,
				5B289A32181D1B0800947F30 /* AccountManager.h in CopyFiles */,
				5B289A33181D1B0800947F30 /* Account.m in CopyFiles */,
				5B289A34181D1B0800947F30 /* Account.h in CopyFiles */,
				5B289A35181D1B0800947F30 /* DefaultSettings.m in CopyFiles */,
				5B289A36181D1B0800947F30 /* DefaultSettings.h in CopyFiles */,
				5B289A37181D1B0800947F30 /* MXiService.h in CopyFiles */,
				5B289A38181D1B0800947F30 /* MXiService.m in CopyFiles */,
				5B289A39181D1B0800947F30 /* MXiMultiUserChatDiscovery.m in CopyFiles */,
				5B289A3A181D1B0800947F30 /* MXiMultiUserChatDiscovery.h in CopyFiles */,
				5B289A3B181D1B0800947F30 /* MXiMultiUserChatRoom.m in CopyFiles */,
				5B289A3C181D1B0800947F30 /* MXiMultiUserChatRoom.h in CopyFiles */,
			);
			runOnlyForDeploymentPostprocessing = 0;
		};
/* End PBXCopyFilesBuildPhase section */

/* Begin PBXFileReference section */
		5B1C4020180EDA720029030E /* MXiService.h */ = {isa = PBXFileReference; fileEncoding = 4; lastKnownFileType = sourcecode.c.h; path = MXiService.h; sourceTree = "<group>"; };
		5B1C4021180EDA720029030E /* MXiService.m */ = {isa = PBXFileReference; fileEncoding = 4; lastKnownFileType = sourcecode.c.objc; path = MXiService.m; sourceTree = "<group>"; };
		5B1FC78617EAEAFA0071C1E3 /* libresolv.dylib */ = {isa = PBXFileReference; lastKnownFileType = "compiled.mach-o.dylib"; name = libresolv.dylib; path = Platforms/iPhoneOS.platform/Developer/SDKs/iPhoneOS7.0.sdk/usr/lib/libresolv.dylib; sourceTree = DEVELOPER_DIR; };
		5B63EE5D17D1DC5C00CD8667 /* MXiMultiUserChatDelegate.h */ = {isa = PBXFileReference; fileEncoding = 4; lastKnownFileType = sourcecode.c.h; path = MXiMultiUserChatDelegate.h; sourceTree = "<group>"; };
		5B63EE6517D20D8100CD8667 /* MXiMultiUserChatMessage.h */ = {isa = PBXFileReference; fileEncoding = 4; lastKnownFileType = sourcecode.c.h; path = MXiMultiUserChatMessage.h; sourceTree = "<group>"; };
		5B63EE6617D20D8100CD8667 /* MXiMultiUserChatMessage.m */ = {isa = PBXFileReference; fileEncoding = 4; lastKnownFileType = sourcecode.c.objc; path = MXiMultiUserChatMessage.m; sourceTree = "<group>"; };
		5BA939881825570100273341 /* XCTest.framework */ = {isa = PBXFileReference; lastKnownFileType = wrapper.framework; name = XCTest.framework; path = Library/Frameworks/XCTest.framework; sourceTree = DEVELOPER_DIR; };
		5E156E753AD44996897DFA13 /* libPods.a */ = {isa = PBXFileReference; explicitFileType = archive.ar; includeInIndex = 0; path = libPods.a; sourceTree = BUILT_PRODUCTS_DIR; };
		75309DE704624699BD755763 /* Pods.xcconfig */ = {isa = PBXFileReference; includeInIndex = 1; lastKnownFileType = text.xcconfig; name = Pods.xcconfig; path = Pods/Pods.xcconfig; sourceTree = "<group>"; };
		794491A117199564000D53ED /* MXi.framework */ = {isa = PBXFileReference; explicitFileType = wrapper.framework; includeInIndex = 0; path = MXi.framework; sourceTree = BUILT_PRODUCTS_DIR; };
		794491A417199564000D53ED /* Cocoa.framework */ = {isa = PBXFileReference; lastKnownFileType = wrapper.framework; name = Cocoa.framework; path = System/Library/Frameworks/Cocoa.framework; sourceTree = SDKROOT; };
		794491A717199564000D53ED /* AppKit.framework */ = {isa = PBXFileReference; lastKnownFileType = wrapper.framework; name = AppKit.framework; path = System/Library/Frameworks/AppKit.framework; sourceTree = SDKROOT; };
		794491A817199564000D53ED /* CoreData.framework */ = {isa = PBXFileReference; lastKnownFileType = wrapper.framework; name = CoreData.framework; path = System/Library/Frameworks/CoreData.framework; sourceTree = SDKROOT; };
		794491A917199564000D53ED /* Foundation.framework */ = {isa = PBXFileReference; lastKnownFileType = wrapper.framework; name = Foundation.framework; path = System/Library/Frameworks/Foundation.framework; sourceTree = SDKROOT; };
		794491AC17199564000D53ED /* MXi-Info.plist */ = {isa = PBXFileReference; lastKnownFileType = text.plist.xml; path = "MXi-Info.plist"; sourceTree = "<group>"; };
		794491AE17199564000D53ED /* en */ = {isa = PBXFileReference; lastKnownFileType = text.plist.strings; name = en; path = en.lproj/InfoPlist.strings; sourceTree = "<group>"; };
		794491B017199564000D53ED /* MXi-Prefix.pch */ = {isa = PBXFileReference; lastKnownFileType = sourcecode.c.h; path = "MXi-Prefix.pch"; sourceTree = "<group>"; };
		794491B117199564000D53ED /* MXi.h */ = {isa = PBXFileReference; lastKnownFileType = sourcecode.c.h; path = MXi.h; sourceTree = "<group>"; };
		794491BD171995FF000D53ED /* libMXi.a */ = {isa = PBXFileReference; explicitFileType = archive.ar; includeInIndex = 0; path = libMXi.a; sourceTree = BUILT_PRODUCTS_DIR; };
		794491BE171995FF000D53ED /* Foundation.framework */ = {isa = PBXFileReference; lastKnownFileType = wrapper.framework; name = Foundation.framework; path = System/Library/Frameworks/Foundation.framework; sourceTree = SDKROOT; };
		797C040C171C216A00B40FFC /* CFNetwork.framework */ = {isa = PBXFileReference; lastKnownFileType = wrapper.framework; name = CFNetwork.framework; path = System/Library/Frameworks/CFNetwork.framework; sourceTree = SDKROOT; };
		797C040E171C218000B40FFC /* Security.framework */ = {isa = PBXFileReference; lastKnownFileType = wrapper.framework; name = Security.framework; path = System/Library/Frameworks/Security.framework; sourceTree = SDKROOT; };
		797C0434171C231C00B40FFC /* libidn.a */ = {isa = PBXFileReference; lastKnownFileType = archive.ar; path = libidn.a; sourceTree = "<group>"; };
		797C04D9171C23DF00B40FFC /* libresolv.dylib */ = {isa = PBXFileReference; lastKnownFileType = "compiled.mach-o.dylib"; name = libresolv.dylib; path = usr/lib/libresolv.dylib; sourceTree = SDKROOT; };
		797C04DB171C23E700B40FFC /* libresolv.dylib */ = {isa = PBXFileReference; lastKnownFileType = "compiled.mach-o.dylib"; name = libresolv.dylib; path = Platforms/iPhoneOS.platform/Developer/SDKs/iPhoneOS6.1.sdk/usr/lib/libresolv.dylib; sourceTree = DEVELOPER_DIR; };
		797C04E2171C266700B40FFC /* libidn.a */ = {isa = PBXFileReference; lastKnownFileType = archive.ar; name = libidn.a; path = libidn/x86_64/libidn.a; sourceTree = "<group>"; };
		798D5FB917CCABB800B27757 /* SystemConfiguration.framework */ = {isa = PBXFileReference; lastKnownFileType = wrapper.framework; name = SystemConfiguration.framework; path = Platforms/iPhoneOS.platform/Developer/SDKs/iPhoneOS6.1.sdk/System/Library/Frameworks/SystemConfiguration.framework; sourceTree = DEVELOPER_DIR; };
		79A4DD7C175A22FC00E6BDE4 /* MXiBean.h */ = {isa = PBXFileReference; fileEncoding = 4; lastKnownFileType = sourcecode.c.h; path = MXiBean.h; sourceTree = "<group>"; };
		79A4DD7D175A22FC00E6BDE4 /* MXiBean.m */ = {isa = PBXFileReference; fileEncoding = 4; lastKnownFileType = sourcecode.c.objc; path = MXiBean.m; sourceTree = "<group>"; };
		79A4DD82175A55AC00E6BDE4 /* MXiOutgoingBean.h */ = {isa = PBXFileReference; fileEncoding = 4; lastKnownFileType = sourcecode.c.h; path = MXiOutgoingBean.h; sourceTree = "<group>"; };
		79A4DD8C175A5D2700E6BDE4 /* MXiBeanConverter.h */ = {isa = PBXFileReference; fileEncoding = 4; lastKnownFileType = sourcecode.c.h; path = MXiBeanConverter.h; sourceTree = "<group>"; };
		79A4DD8D175A5D2700E6BDE4 /* MXiBeanConverter.m */ = {isa = PBXFileReference; fileEncoding = 4; lastKnownFileType = sourcecode.c.objc; path = MXiBeanConverter.m; sourceTree = "<group>"; };
		79A4DD92175A5FD300E6BDE4 /* MXiIQTypeLookup.h */ = {isa = PBXFileReference; fileEncoding = 4; lastKnownFileType = sourcecode.c.h; path = MXiIQTypeLookup.h; sourceTree = "<group>"; };
		79A4DD93175A5FD300E6BDE4 /* MXiIQTypeLookup.m */ = {isa = PBXFileReference; fileEncoding = 4; lastKnownFileType = sourcecode.c.objc; path = MXiIQTypeLookup.m; sourceTree = "<group>"; };
		79A4DD98175A6B4700E6BDE4 /* MXiIncomingBean.h */ = {isa = PBXFileReference; fileEncoding = 4; lastKnownFileType = sourcecode.c.h; path = MXiIncomingBean.h; sourceTree = "<group>"; };
		79A4DDA1175BA80300E6BDE4 /* MXiStanzaDelegate.h */ = {isa = PBXFileReference; fileEncoding = 4; lastKnownFileType = sourcecode.c.h; path = MXiStanzaDelegate.h; sourceTree = "<group>"; };
		79A4DDA4175BA82800E6BDE4 /* MXiPresenceDelegate.h */ = {isa = PBXFileReference; fileEncoding = 4; lastKnownFileType = sourcecode.c.h; path = MXiPresenceDelegate.h; sourceTree = "<group>"; };
		79A4DDA7175BF38500E6BDE4 /* MXiBeanDelegate.h */ = {isa = PBXFileReference; fileEncoding = 4; lastKnownFileType = sourcecode.c.h; path = MXiBeanDelegate.h; sourceTree = "<group>"; };
		79F3944E17200551003F348C /* MXiConnection.h */ = {isa = PBXFileReference; fileEncoding = 4; lastKnownFileType = sourcecode.c.h; path = MXiConnection.h; sourceTree = "<group>"; };
		79F3944F17200551003F348C /* MXiConnection.m */ = {isa = PBXFileReference; fileEncoding = 4; lastKnownFileType = sourcecode.c.objc; path = MXiConnection.m; sourceTree = "<group>"; };
		BF8CB24BEE6CABF9B1242256 /* MXiMultiUserChatDiscovery.h */ = {isa = PBXFileReference; fileEncoding = 4; lastKnownFileType = sourcecode.c.h; path = MXiMultiUserChatDiscovery.h; sourceTree = "<group>"; };
		BF8CB38D33BCC48E269C7C85 /* MXiConnectionHandler.m */ = {isa = PBXFileReference; fileEncoding = 4; lastKnownFileType = sourcecode.c.objc; path = MXiConnectionHandler.m; sourceTree = "<group>"; };
		BF8CB39146D79067F5DA5B96 /* MXiDelegateSelectorMapping.m */ = {isa = PBXFileReference; fileEncoding = 4; lastKnownFileType = sourcecode.c.objc; path = MXiDelegateSelectorMapping.m; sourceTree = "<group>"; };
		BF8CB3DEE0E9030529613B43 /* AccountManager.m */ = {isa = PBXFileReference; fileEncoding = 4; lastKnownFileType = sourcecode.c.objc; name = AccountManager.m; path = MXi/AccountManager.m; sourceTree = "<group>"; };
		BF8CB45C30B5D7AD64060F96 /* IncomingBeanDetection.m */ = {isa = PBXFileReference; fileEncoding = 4; lastKnownFileType = sourcecode.c.objc; name = IncomingBeanDetection.m; path = MXi/IncomingBeanDetection.m; sourceTree = "<group>"; };
		BF8CB4FFC599C36309F70F9C /* MXiMultiUserChatDiscovery.m */ = {isa = PBXFileReference; fileEncoding = 4; lastKnownFileType = sourcecode.c.objc; path = MXiMultiUserChatDiscovery.m; sourceTree = "<group>"; };
		BF8CB5963DED470DCC7E4654 /* MXiDelegateDictionary.m */ = {isa = PBXFileReference; fileEncoding = 4; lastKnownFileType = sourcecode.c.objc; path = MXiDelegateDictionary.m; sourceTree = "<group>"; };
		BF8CB5EB81F5D4F34239D7F2 /* AccountManager.h */ = {isa = PBXFileReference; fileEncoding = 4; lastKnownFileType = sourcecode.c.h; name = AccountManager.h; path = MXi/AccountManager.h; sourceTree = "<group>"; };
		BF8CB80E5B913C619C492375 /* IncomingBeanDetection.h */ = {isa = PBXFileReference; fileEncoding = 4; lastKnownFileType = sourcecode.c.h; name = IncomingBeanDetection.h; path = MXi/IncomingBeanDetection.h; sourceTree = "<group>"; };
		BF8CB857AAAD451374CE2F4D /* NSString+Selector.m */ = {isa = PBXFileReference; fileEncoding = 4; lastKnownFileType = sourcecode.c.objc; name = "NSString+Selector.m"; path = "MXi/NSString+Selector.m"; sourceTree = "<group>"; };
		BF8CB9A73C88963E419ADF97 /* MXiDelegateDictionary.h */ = {isa = PBXFileReference; fileEncoding = 4; lastKnownFileType = sourcecode.c.h; path = MXiDelegateDictionary.h; sourceTree = "<group>"; };
		BF8CB9A9E558869874872CEB /* MXiMultiUserChatRoom.m */ = {isa = PBXFileReference; fileEncoding = 4; lastKnownFileType = sourcecode.c.objc; path = MXiMultiUserChatRoom.m; sourceTree = "<group>"; };
		BF8CBA5C16CB14C9986547DF /* DefaultSettings.h */ = {isa = PBXFileReference; fileEncoding = 4; lastKnownFileType = sourcecode.c.h; name = DefaultSettings.h; path = MXi/DefaultSettings.h; sourceTree = "<group>"; };
		BF8CBB22DC9E48CE9D482547 /* MXiMultiUserChatRoom.h */ = {isa = PBXFileReference; fileEncoding = 4; lastKnownFileType = sourcecode.c.h; path = MXiMultiUserChatRoom.h; sourceTree = "<group>"; };
		BF8CBBDE971A5C43A62477FC /* Account.h */ = {isa = PBXFileReference; fileEncoding = 4; lastKnownFileType = sourcecode.c.h; name = Account.h; path = MXi/Account.h; sourceTree = "<group>"; };
		BF8CBC6AB63AF23ABCE6F0D5 /* MXiDelegateSelectorMapping.h */ = {isa = PBXFileReference; fileEncoding = 4; lastKnownFileType = sourcecode.c.h; path = MXiDelegateSelectorMapping.h; sourceTree = "<group>"; };
		BF8CBC747E27EF22E66F0355 /* DefaultSettings.m */ = {isa = PBXFileReference; fileEncoding = 4; lastKnownFileType = sourcecode.c.objc; name = DefaultSettings.m; path = MXi/DefaultSettings.m; sourceTree = "<group>"; };
		BF8CBD2F7FCF91F5D3F96386 /* NSString+Selector.h */ = {isa = PBXFileReference; fileEncoding = 4; lastKnownFileType = sourcecode.c.h; name = "NSString+Selector.h"; path = "MXi/NSString+Selector.h"; sourceTree = "<group>"; };
		BF8CBE57C68BAD89074663D0 /* Account.m */ = {isa = PBXFileReference; fileEncoding = 4; lastKnownFileType = sourcecode.c.objc; name = Account.m; path = MXi/Account.m; sourceTree = "<group>"; };
		BF8CBF0B74607A09404C4201 /* MXiConnectionHandler.h */ = {isa = PBXFileReference; fileEncoding = 4; lastKnownFileType = sourcecode.c.h; path = MXiConnectionHandler.h; sourceTree = "<group>"; };
/* End PBXFileReference section */

/* Begin PBXFrameworksBuildPhase section */
		7944919D17199564000D53ED /* Frameworks */ = {
			isa = PBXFrameworksBuildPhase;
			buildActionMask = 2147483647;
			files = (
				797C04DA171C23DF00B40FFC /* libresolv.dylib in Frameworks */,
				797C040F171C218000B40FFC /* Security.framework in Frameworks */,
				797C040D171C216A00B40FFC /* CFNetwork.framework in Frameworks */,
				794491A517199564000D53ED /* Cocoa.framework in Frameworks */,
				5B154F5417D0BABF004AAD86 /* SystemConfiguration.framework in Frameworks */,
				5B154F5517D0BB14004AAD86 /* Foundation.framework in Frameworks */,
				2674978684C44FDF8BB44FBB /* libPods.a in Frameworks */,
			);
			runOnlyForDeploymentPostprocessing = 0;
		};
		794491BA171995FF000D53ED /* Frameworks */ = {
			isa = PBXFrameworksBuildPhase;
			buildActionMask = 2147483647;
			files = (
				5BA1E7A918081F5F0030C1FF /* libresolv.dylib in Frameworks */,
				798D5FBA17CCABB800B27757 /* SystemConfiguration.framework in Frameworks */,
				797C0410171C218700B40FFC /* Security.framework in Frameworks */,
				797C0411171C218B00B40FFC /* CFNetwork.framework in Frameworks */,
				797C0437171C231C00B40FFC /* libidn.a in Frameworks */,
				5B7784AC17D0C00700135C17 /* Foundation.framework in Frameworks */,
				5BD4E2B1D20A44FAA71F9E1F /* libPods.a in Frameworks */,
			);
			runOnlyForDeploymentPostprocessing = 0;
		};
/* End PBXFrameworksBuildPhase section */

/* Begin PBXGroup section */
		7944919717199564000D53ED = {
			isa = PBXGroup;
			children = (
				794491AA17199564000D53ED /* MXi */,
				794491A317199564000D53ED /* Frameworks */,
				794491A217199564000D53ED /* Products */,
				75309DE704624699BD755763 /* Pods.xcconfig */,
			);
			sourceTree = "<group>";
		};
		794491A217199564000D53ED /* Products */ = {
			isa = PBXGroup;
			children = (
				794491A117199564000D53ED /* MXi.framework */,
				794491BD171995FF000D53ED /* libMXi.a */,
			);
			name = Products;
			sourceTree = "<group>";
		};
		794491A317199564000D53ED /* Frameworks */ = {
			isa = PBXGroup;
			children = (
				5BA939881825570100273341 /* XCTest.framework */,
				5B1FC78617EAEAFA0071C1E3 /* libresolv.dylib */,
				798D5FB917CCABB800B27757 /* SystemConfiguration.framework */,
				797C04E5171C270000B40FFC /* lib-os-x */,
				797C04E4171C26EC00B40FFC /* lib-ios */,
				797C040E171C218000B40FFC /* Security.framework */,
				797C040C171C216A00B40FFC /* CFNetwork.framework */,
				794491A417199564000D53ED /* Cocoa.framework */,
				794491BE171995FF000D53ED /* Foundation.framework */,
				794491A617199564000D53ED /* Other Frameworks */,
				5E156E753AD44996897DFA13 /* libPods.a */,
			);
			name = Frameworks;
			sourceTree = "<group>";
		};
		794491A617199564000D53ED /* Other Frameworks */ = {
			isa = PBXGroup;
			children = (
				794491A717199564000D53ED /* AppKit.framework */,
				794491A817199564000D53ED /* CoreData.framework */,
				794491A917199564000D53ED /* Foundation.framework */,
			);
			name = "Other Frameworks";
			sourceTree = "<group>";
		};
		794491AA17199564000D53ED /* MXi */ = {
			isa = PBXGroup;
			children = (
				794491B117199564000D53ED /* MXi.h */,
				79F3944E17200551003F348C /* MXiConnection.h */,
				79F3944F17200551003F348C /* MXiConnection.m */,
				79A4DD7C175A22FC00E6BDE4 /* MXiBean.h */,
				79A4DD7D175A22FC00E6BDE4 /* MXiBean.m */,
				79A4DDA1175BA80300E6BDE4 /* MXiStanzaDelegate.h */,
				79A4DDA7175BF38500E6BDE4 /* MXiBeanDelegate.h */,
				79A4DDA4175BA82800E6BDE4 /* MXiPresenceDelegate.h */,
				79A4DD82175A55AC00E6BDE4 /* MXiOutgoingBean.h */,
				79A4DD98175A6B4700E6BDE4 /* MXiIncomingBean.h */,
				79A4DD8C175A5D2700E6BDE4 /* MXiBeanConverter.h */,
				79A4DD8D175A5D2700E6BDE4 /* MXiBeanConverter.m */,
				79A4DD92175A5FD300E6BDE4 /* MXiIQTypeLookup.h */,
				79A4DD93175A5FD300E6BDE4 /* MXiIQTypeLookup.m */,
				794491AB17199564000D53ED /* Supporting Files */,
				5B63EE5D17D1DC5C00CD8667 /* MXiMultiUserChatDelegate.h */,
				5B63EE6517D20D8100CD8667 /* MXiMultiUserChatMessage.h */,
				5B63EE6617D20D8100CD8667 /* MXiMultiUserChatMessage.m */,
				BF8CBF0B74607A09404C4201 /* MXiConnectionHandler.h */,
				BF8CB38D33BCC48E269C7C85 /* MXiConnectionHandler.m */,
				BF8CB9A73C88963E419ADF97 /* MXiDelegateDictionary.h */,
				BF8CB5963DED470DCC7E4654 /* MXiDelegateDictionary.m */,
				BF8CBC6AB63AF23ABCE6F0D5 /* MXiDelegateSelectorMapping.h */,
				BF8CB39146D79067F5DA5B96 /* MXiDelegateSelectorMapping.m */,
				BF8CB1C6A1377CCDDAF0715B /* Utilities */,
				5B1C4020180EDA720029030E /* MXiService.h */,
				5B1C4021180EDA720029030E /* MXiService.m */,
				BF8CB4FFC599C36309F70F9C /* MXiMultiUserChatDiscovery.m */,
				BF8CB24BEE6CABF9B1242256 /* MXiMultiUserChatDiscovery.h */,
				BF8CB9A9E558869874872CEB /* MXiMultiUserChatRoom.m */,
				BF8CBB22DC9E48CE9D482547 /* MXiMultiUserChatRoom.h */,
			);
			path = MXi;
			sourceTree = "<group>";
		};
		794491AB17199564000D53ED /* Supporting Files */ = {
			isa = PBXGroup;
			children = (
				794491AC17199564000D53ED /* MXi-Info.plist */,
				794491AD17199564000D53ED /* InfoPlist.strings */,
				794491B017199564000D53ED /* MXi-Prefix.pch */,
			);
			name = "Supporting Files";
			sourceTree = "<group>";
		};
		797C04E4171C26EC00B40FFC /* lib-ios */ = {
			isa = PBXGroup;
			children = (
				797C0434171C231C00B40FFC /* libidn.a */,
				797C04DB171C23E700B40FFC /* libresolv.dylib */,
			);
			name = "lib-ios";
			sourceTree = "<group>";
		};
		797C04E5171C270000B40FFC /* lib-os-x */ = {
			isa = PBXGroup;
			children = (
				797C04E2171C266700B40FFC /* libidn.a */,
				797C04D9171C23DF00B40FFC /* libresolv.dylib */,
			);
			name = "lib-os-x";
			sourceTree = "<group>";
		};
		BF8CB1C6A1377CCDDAF0715B /* Utilities */ = {
			isa = PBXGroup;
			children = (
				BF8CBD2F7FCF91F5D3F96386 /* NSString+Selector.h */,
				BF8CB857AAAD451374CE2F4D /* NSString+Selector.m */,
				BF8CB80E5B913C619C492375 /* IncomingBeanDetection.h */,
				BF8CB45C30B5D7AD64060F96 /* IncomingBeanDetection.m */,
				BF8CB3DEE0E9030529613B43 /* AccountManager.m */,
				BF8CB5EB81F5D4F34239D7F2 /* AccountManager.h */,
				BF8CBE57C68BAD89074663D0 /* Account.m */,
				BF8CBBDE971A5C43A62477FC /* Account.h */,
				BF8CBC747E27EF22E66F0355 /* DefaultSettings.m */,
				BF8CBA5C16CB14C9986547DF /* DefaultSettings.h */,
			);
			name = Utilities;
			path = ../../MXi;
			sourceTree = "<group>";
		};
/* End PBXGroup section */

/* Begin PBXHeadersBuildPhase section */
		7944919E17199564000D53ED /* Headers */ = {
			isa = PBXHeadersBuildPhase;
			buildActionMask = 2147483647;
			files = (
				794491CA171996A4000D53ED /* MXi.h in Headers */,
				79F3945017200551003F348C /* MXiConnection.h in Headers */,
				79A4DD84175A55AC00E6BDE4 /* MXiOutgoingBean.h in Headers */,
				79A4DD8E175A5D2700E6BDE4 /* MXiBeanConverter.h in Headers */,
				79A4DD94175A5FD300E6BDE4 /* MXiIQTypeLookup.h in Headers */,
				79A4DD99175A6B4700E6BDE4 /* MXiIncomingBean.h in Headers */,
				79A4DDA2175BA80300E6BDE4 /* MXiStanzaDelegate.h in Headers */,
				79A4DDA5175BA82800E6BDE4 /* MXiPresenceDelegate.h in Headers */,
				79A4DD7E175A22FC00E6BDE4 /* MXiBean.h in Headers */,
				79A4DDA8175BF38500E6BDE4 /* MXiBeanDelegate.h in Headers */,
				5B154F5B17D0BED3004AAD86 /* MXi-Prefix.pch in Headers */,
				5B63EE5E17D1DC5C00CD8667 /* MXiMultiUserChatDelegate.h in Headers */,
				5B63EE6717D20D8100CD8667 /* MXiMultiUserChatMessage.h in Headers */,
				BF8CBE9AA20EF758CDFAF014 /* MXiConnectionHandler.h in Headers */,
				BF8CB40BE6EBCEC2D52A3F56 /* MXiDelegateDictionary.h in Headers */,
				BF8CB16990C945348CB06D4E /* MXiDelegateSelectorMapping.h in Headers */,
				BF8CBE0A9B6769F4214647BB /* NSString+Selector.h in Headers */,
				BF8CBA5643DD0E8DCB057D2C /* IncomingBeanDetection.h in Headers */,
				BF8CBD4BDC06BBD7DF70E647 /* AccountManager.h in Headers */,
				5B1C4022180EDA720029030E /* MXiService.h in Headers */,
				BF8CB0ECFC9A07248564E6F5 /* Account.h in Headers */,
				BF8CB123D42E28DE3FFAD86C /* DefaultSettings.h in Headers */,
				BF8CB9C633D260D74B02C5B2 /* MXiMultiUserChatDiscovery.h in Headers */,
				BF8CB024BA3CFC3B900F5940 /* MXiMultiUserChatRoom.h in Headers */,
			);
			runOnlyForDeploymentPostprocessing = 0;
		};
		794491CB171996CD000D53ED /* Headers */ = {
			isa = PBXHeadersBuildPhase;
			buildActionMask = 2147483647;
			files = (
				794491CC171996D2000D53ED /* MXi.h in Headers */,
				79F3945117200551003F348C /* MXiConnection.h in Headers */,
				79A4DD7F175A22FC00E6BDE4 /* MXiBean.h in Headers */,
				79A4DD85175A55AC00E6BDE4 /* MXiOutgoingBean.h in Headers */,
				79A4DD8F175A5D2700E6BDE4 /* MXiBeanConverter.h in Headers */,
				79A4DD95175A5FD300E6BDE4 /* MXiIQTypeLookup.h in Headers */,
				79A4DDA3175BA80300E6BDE4 /* MXiStanzaDelegate.h in Headers */,
				79A4DDA6175BA82800E6BDE4 /* MXiPresenceDelegate.h in Headers */,
				79A4DD9A175A6B4700E6BDE4 /* MXiIncomingBean.h in Headers */,
				79A4DDA9175BF38500E6BDE4 /* MXiBeanDelegate.h in Headers */,
				5B154F5C17D0BED4004AAD86 /* MXi-Prefix.pch in Headers */,
				5B63EE5F17D1DC5C00CD8667 /* MXiMultiUserChatDelegate.h in Headers */,
				5B63EE6817D20D8100CD8667 /* MXiMultiUserChatMessage.h in Headers */,
				BF8CBE5CFF39A20AF6A3C5F5 /* MXiConnectionHandler.h in Headers */,
				BF8CBE1A3B3C7AC13A75E6C9 /* MXiDelegateDictionary.h in Headers */,
				BF8CBCBA5CBD8D9DEF8F55A2 /* MXiDelegateSelectorMapping.h in Headers */,
				BF8CBA0A817ED5B992E06830 /* NSString+Selector.h in Headers */,
				BF8CBB81919142F66A5B71AC /* IncomingBeanDetection.h in Headers */,
				BF8CB3C476C799BEA353E883 /* AccountManager.h in Headers */,
				5B1C4023180EDA720029030E /* MXiService.h in Headers */,
				BF8CB0449E06092C75361374 /* Account.h in Headers */,
				BF8CB754E5E126DE28D277B9 /* DefaultSettings.h in Headers */,
				BF8CBF0051D1DAED8E21364D /* MXiMultiUserChatDiscovery.h in Headers */,
				BF8CBE21261AE7444300BA0D /* MXiMultiUserChatRoom.h in Headers */,
			);
			runOnlyForDeploymentPostprocessing = 0;
		};
/* End PBXHeadersBuildPhase section */

/* Begin PBXNativeTarget section */
		794491A017199564000D53ED /* MXi.framework */ = {
			isa = PBXNativeTarget;
			buildConfigurationList = 794491B617199564000D53ED /* Build configuration list for PBXNativeTarget "MXi.framework" */;
			buildPhases = (
				6CF0ED58F5654EA58275CAAB /* Check Pods Manifest.lock */,
				7944919C17199564000D53ED /* Sources */,
				7944919D17199564000D53ED /* Frameworks */,
				7944919E17199564000D53ED /* Headers */,
				7944919F17199564000D53ED /* Resources */,
				836BF8A06B034466A3676BDC /* Copy Pods Resources */,
			);
			buildRules = (
			);
			dependencies = (
			);
			name = MXi.framework;
			productName = MXi;
			productReference = 794491A117199564000D53ED /* MXi.framework */;
			productType = "com.apple.product-type.framework";
		};
		794491BC171995FF000D53ED /* libMXi.a */ = {
			isa = PBXNativeTarget;
			buildConfigurationList = 794491C7171995FF000D53ED /* Build configuration list for PBXNativeTarget "libMXi.a" */;
			buildPhases = (
				F30294E0D6544968BBB08445 /* Check Pods Manifest.lock */,
				794491B9171995FF000D53ED /* Sources */,
				794491BA171995FF000D53ED /* Frameworks */,
				794491BB171995FF000D53ED /* CopyFiles */,
				794491CB171996CD000D53ED /* Headers */,
				8E0DBF1A8F784DAD95414920 /* Copy Pods Resources */,
			);
			buildRules = (
			);
			dependencies = (
			);
			name = libMXi.a;
			productName = MXi;
			productReference = 794491BD171995FF000D53ED /* libMXi.a */;
			productType = "com.apple.product-type.library.static";
		};
/* End PBXNativeTarget section */

/* Begin PBXProject section */
		7944919817199564000D53ED /* Project object */ = {
			isa = PBXProject;
			attributes = {
				LastUpgradeCheck = 0500;
				ORGANIZATIONNAME = "TU Dresden";
			};
			buildConfigurationList = 7944919B17199564000D53ED /* Build configuration list for PBXProject "MXi" */;
			compatibilityVersion = "Xcode 3.2";
			developmentRegion = English;
			hasScannedForEncodings = 0;
			knownRegions = (
				en,
			);
			mainGroup = 7944919717199564000D53ED;
			productRefGroup = 794491A217199564000D53ED /* Products */;
			projectDirPath = "";
			projectRoot = "";
			targets = (
				794491A017199564000D53ED /* MXi.framework */,
				794491BC171995FF000D53ED /* libMXi.a */,
			);
		};
/* End PBXProject section */

/* Begin PBXResourcesBuildPhase section */
		7944919F17199564000D53ED /* Resources */ = {
			isa = PBXResourcesBuildPhase;
			buildActionMask = 2147483647;
			files = (
				794491AF17199564000D53ED /* InfoPlist.strings in Resources */,
			);
			runOnlyForDeploymentPostprocessing = 0;
		};
/* End PBXResourcesBuildPhase section */

/* Begin PBXShellScriptBuildPhase section */
		6CF0ED58F5654EA58275CAAB /* Check Pods Manifest.lock */ = {
			isa = PBXShellScriptBuildPhase;
			buildActionMask = 2147483647;
			files = (
			);
			inputPaths = (
			);
			name = "Check Pods Manifest.lock";
			outputPaths = (
			);
			runOnlyForDeploymentPostprocessing = 0;
			shellPath = /bin/sh;
			shellScript = "diff \"${PODS_ROOT}/../Podfile.lock\" \"${PODS_ROOT}/Manifest.lock\" > /dev/null\nif [[ $? != 0 ]] ; then\n    cat << EOM\nerror: The sandbox is not in sync with the Podfile.lock. Run 'pod install' or update your CocoaPods installation.\nEOM\n    exit 1\nfi\n";
			showEnvVarsInLog = 0;
		};
		836BF8A06B034466A3676BDC /* Copy Pods Resources */ = {
			isa = PBXShellScriptBuildPhase;
			buildActionMask = 2147483647;
			files = (
			);
			inputPaths = (
			);
			name = "Copy Pods Resources";
			outputPaths = (
			);
			runOnlyForDeploymentPostprocessing = 0;
			shellPath = /bin/sh;
			shellScript = "\"${SRCROOT}/Pods/Pods-resources.sh\"\n";
			showEnvVarsInLog = 0;
		};
		8E0DBF1A8F784DAD95414920 /* Copy Pods Resources */ = {
			isa = PBXShellScriptBuildPhase;
			buildActionMask = 2147483647;
			files = (
			);
			inputPaths = (
			);
			name = "Copy Pods Resources";
			outputPaths = (
			);
			runOnlyForDeploymentPostprocessing = 0;
			shellPath = /bin/sh;
			shellScript = "\"${SRCROOT}/Pods/Pods-resources.sh\"\n";
			showEnvVarsInLog = 0;
		};
		F30294E0D6544968BBB08445 /* Check Pods Manifest.lock */ = {
			isa = PBXShellScriptBuildPhase;
			buildActionMask = 2147483647;
			files = (
			);
			inputPaths = (
			);
			name = "Check Pods Manifest.lock";
			outputPaths = (
			);
			runOnlyForDeploymentPostprocessing = 0;
			shellPath = /bin/sh;
			shellScript = "diff \"${PODS_ROOT}/../Podfile.lock\" \"${PODS_ROOT}/Manifest.lock\" > /dev/null\nif [[ $? != 0 ]] ; then\n    cat << EOM\nerror: The sandbox is not in sync with the Podfile.lock. Run 'pod install' or update your CocoaPods installation.\nEOM\n    exit 1\nfi\n";
			showEnvVarsInLog = 0;
		};
/* End PBXShellScriptBuildPhase section */

/* Begin PBXSourcesBuildPhase section */
		7944919C17199564000D53ED /* Sources */ = {
			isa = PBXSourcesBuildPhase;
			buildActionMask = 2147483647;
			files = (
				79F3945217200551003F348C /* MXiConnection.m in Sources */,
				79A4DD80175A22FC00E6BDE4 /* MXiBean.m in Sources */,
				79A4DD90175A5D2700E6BDE4 /* MXiBeanConverter.m in Sources */,
				79A4DD96175A5FD300E6BDE4 /* MXiIQTypeLookup.m in Sources */,
				5B63EE6917D20D8100CD8667 /* MXiMultiUserChatMessage.m in Sources */,
				BF8CB82094A2C76FBE7D15E2 /* MXiConnectionHandler.m in Sources */,
				BF8CBBE0DDFFFE803C29EBC2 /* MXiDelegateDictionary.m in Sources */,
				BF8CBF851492F764D4DAA66E /* MXiDelegateSelectorMapping.m in Sources */,
				BF8CBB36E6E1A347A1B22E5E /* NSString+Selector.m in Sources */,
				BF8CB07BD0F3F870D662874F /* IncomingBeanDetection.m in Sources */,
				5B1C4024180EDA720029030E /* MXiService.m in Sources */,
				BF8CBA044101DB4EE3F44792 /* AccountManager.m in Sources */,
				BF8CBDABD70C7CAB130A9BA2 /* Account.m in Sources */,
				BF8CBD76235D95E4A6A1B264 /* DefaultSettings.m in Sources */,
				BF8CB4575DA520C34E9BCF8E /* MXiMultiUserChatDiscovery.m in Sources */,
				BF8CB4277D3EDD10077A31BC /* MXiMultiUserChatRoom.m in Sources */,
			);
			runOnlyForDeploymentPostprocessing = 0;
		};
		794491B9171995FF000D53ED /* Sources */ = {
			isa = PBXSourcesBuildPhase;
			buildActionMask = 2147483647;
			files = (
				79F3945317200551003F348C /* MXiConnection.m in Sources */,
				79A4DD81175A22FC00E6BDE4 /* MXiBean.m in Sources */,
				79A4DD91175A5D2700E6BDE4 /* MXiBeanConverter.m in Sources */,
				79A4DD97175A5FD300E6BDE4 /* MXiIQTypeLookup.m in Sources */,
				5B63EE6A17D20D8100CD8667 /* MXiMultiUserChatMessage.m in Sources */,
				BF8CBAC651DB672FA21F1096 /* MXiConnectionHandler.m in Sources */,
				BF8CB60EB0F0AA251A2F616C /* MXiDelegateDictionary.m in Sources */,
				BF8CB4570794E3F69DFDE52E /* MXiDelegateSelectorMapping.m in Sources */,
				BF8CB45D127EC862D58940ED /* NSString+Selector.m in Sources */,
				BF8CB6AC574D41F464847F0B /* IncomingBeanDetection.m in Sources */,
				5B1C4025180EDA720029030E /* MXiService.m in Sources */,
				BF8CB7EE9BF061534A891A74 /* AccountManager.m in Sources */,
				BF8CB72034006A3E3B0E62BC /* Account.m in Sources */,
				BF8CB93FB9C9E52EFF8A5249 /* DefaultSettings.m in Sources */,
				BF8CB86D7DB6F8F9C567C4B4 /* MXiMultiUserChatDiscovery.m in Sources */,
				BF8CBCB3D71457922106CCB7 /* MXiMultiUserChatRoom.m in Sources */,
			);
			runOnlyForDeploymentPostprocessing = 0;
		};
/* End PBXSourcesBuildPhase section */

/* Begin PBXVariantGroup section */
		794491AD17199564000D53ED /* InfoPlist.strings */ = {
			isa = PBXVariantGroup;
			children = (
				794491AE17199564000D53ED /* en */,
			);
			name = InfoPlist.strings;
			sourceTree = "<group>";
		};
/* End PBXVariantGroup section */

/* Begin XCBuildConfiguration section */
		794491B417199564000D53ED /* Debug */ = {
			isa = XCBuildConfiguration;
			buildSettings = {
				ALWAYS_SEARCH_USER_PATHS = NO;
				CLANG_CXX_LANGUAGE_STANDARD = "gnu++0x";
				CLANG_CXX_LIBRARY = "libc++";
				CLANG_ENABLE_OBJC_ARC = YES;
				CLANG_WARN_CONSTANT_CONVERSION = YES;
				CLANG_WARN_EMPTY_BODY = YES;
				CLANG_WARN_ENUM_CONVERSION = YES;
				CLANG_WARN_INT_CONVERSION = YES;
				CLANG_WARN__DUPLICATE_METHOD_MATCH = YES;
				COPY_PHASE_STRIP = NO;
				GCC_C_LANGUAGE_STANDARD = gnu99;
				GCC_DYNAMIC_NO_PIC = NO;
				GCC_ENABLE_OBJC_EXCEPTIONS = YES;
				GCC_OPTIMIZATION_LEVEL = 0;
				GCC_PREPROCESSOR_DEFINITIONS = (
					"DEBUG=1",
					"$(inherited)",
				);
				GCC_SYMBOLS_PRIVATE_EXTERN = NO;
				GCC_WARN_64_TO_32_BIT_CONVERSION = YES;
				GCC_WARN_ABOUT_RETURN_TYPE = YES;
				GCC_WARN_UNINITIALIZED_AUTOS = YES;
				GCC_WARN_UNUSED_VARIABLE = YES;
				HEADER_SEARCH_PATHS = /usr/include/libxml2;
				IPHONEOS_DEPLOYMENT_TARGET = 7.0;
				MACOSX_DEPLOYMENT_TARGET = 10.8;
				ONLY_ACTIVE_ARCH = YES;
				OTHER_LDFLAGS = "-lxml2";
				SDKROOT = macosx;
			};
			name = Debug;
		};
		794491B517199564000D53ED /* Release */ = {
			isa = XCBuildConfiguration;
			buildSettings = {
				ALWAYS_SEARCH_USER_PATHS = NO;
				CLANG_CXX_LANGUAGE_STANDARD = "gnu++0x";
				CLANG_CXX_LIBRARY = "libc++";
				CLANG_ENABLE_OBJC_ARC = YES;
				CLANG_WARN_CONSTANT_CONVERSION = YES;
				CLANG_WARN_EMPTY_BODY = YES;
				CLANG_WARN_ENUM_CONVERSION = YES;
				CLANG_WARN_INT_CONVERSION = YES;
				CLANG_WARN__DUPLICATE_METHOD_MATCH = YES;
				COPY_PHASE_STRIP = YES;
				DEBUG_INFORMATION_FORMAT = "dwarf-with-dsym";
				GCC_C_LANGUAGE_STANDARD = gnu99;
				GCC_ENABLE_OBJC_EXCEPTIONS = YES;
				GCC_WARN_64_TO_32_BIT_CONVERSION = YES;
				GCC_WARN_ABOUT_RETURN_TYPE = YES;
				GCC_WARN_UNINITIALIZED_AUTOS = YES;
				GCC_WARN_UNUSED_VARIABLE = YES;
				HEADER_SEARCH_PATHS = /usr/include/libxml2;
				IPHONEOS_DEPLOYMENT_TARGET = 7.0;
				MACOSX_DEPLOYMENT_TARGET = 10.8;
				OTHER_LDFLAGS = "-lxml2";
				SDKROOT = macosx;
			};
			name = Release;
		};
		794491B717199564000D53ED /* Debug */ = {
			isa = XCBuildConfiguration;
			baseConfigurationReference = 75309DE704624699BD755763 /* Pods.xcconfig */;
			buildSettings = {
				COMBINE_HIDPI_IMAGES = YES;
				DYLIB_COMPATIBILITY_VERSION = 1;
				DYLIB_CURRENT_VERSION = 1;
				FRAMEWORK_SEARCH_PATHS = "$(inherited)";
				FRAMEWORK_VERSION = A;
				GCC_PRECOMPILE_PREFIX_HEADER = YES;
				GCC_PREFIX_HEADER = "MXi/MXi-Prefix.pch";
				INFOPLIST_FILE = "MXi/MXi-Info.plist";
				INSTALL_PATH = "@executable_path/../Frameworks";
				LIBRARY_SEARCH_PATHS = (
					"$(inherited)",
					"\"$(SRCROOT)/libidn/x86_64\"",
				);
				PRODUCT_NAME = MXi;
				SCAN_ALL_SOURCE_FILES_FOR_INCLUDES = YES;
				WRAPPER_EXTENSION = framework;
			};
			name = Debug;
		};
		794491B817199564000D53ED /* Release */ = {
			isa = XCBuildConfiguration;
			baseConfigurationReference = 75309DE704624699BD755763 /* Pods.xcconfig */;
			buildSettings = {
				COMBINE_HIDPI_IMAGES = YES;
				DYLIB_COMPATIBILITY_VERSION = 1;
				DYLIB_CURRENT_VERSION = 1;
				FRAMEWORK_SEARCH_PATHS = "$(inherited)";
				FRAMEWORK_VERSION = A;
				GCC_PRECOMPILE_PREFIX_HEADER = YES;
				GCC_PREFIX_HEADER = "MXi/MXi-Prefix.pch";
				INFOPLIST_FILE = "MXi/MXi-Info.plist";
				INSTALL_PATH = "@executable_path/../Frameworks";
				LIBRARY_SEARCH_PATHS = (
					"$(inherited)",
					"\"$(SRCROOT)/libidn/x86_64\"",
				);
				PRODUCT_NAME = MXi;
				SCAN_ALL_SOURCE_FILES_FOR_INCLUDES = YES;
				WRAPPER_EXTENSION = framework;
			};
			name = Release;
		};
		794491C8171995FF000D53ED /* Debug */ = {
			isa = XCBuildConfiguration;
			baseConfigurationReference = 75309DE704624699BD755763 /* Pods.xcconfig */;
			buildSettings = {
				DEPLOYMENT_LOCATION = NO;
				DSTROOT = /Users/martin/Desktop/MXi.dst;
				GCC_PRECOMPILE_PREFIX_HEADER = YES;
				GCC_PREFIX_HEADER = "MXi/MXi-Prefix.pch";
				INSTALL_PATH = /Library;
				IPHONEOS_DEPLOYMENT_TARGET = 6.1;
				LIBRARY_SEARCH_PATHS = (
					"$(inherited)",
					"\"$(SRCROOT)\"",
				);
				OTHER_LDFLAGS = "$(inherited)";
				PRODUCT_NAME = MXi;
				PUBLIC_HEADERS_FOLDER_PATH = "include/$(PRODUCT_NAME)";
				SDKROOT = iphoneos;
				SKIP_INSTALL = NO;
			};
			name = Debug;
		};
		794491C9171995FF000D53ED /* Release */ = {
			isa = XCBuildConfiguration;
			baseConfigurationReference = 75309DE704624699BD755763 /* Pods.xcconfig */;
			buildSettings = {
				DEPLOYMENT_LOCATION = NO;
				DSTROOT = /Users/martin/Desktop/MXi.dst;
				GCC_PRECOMPILE_PREFIX_HEADER = YES;
				GCC_PREFIX_HEADER = "MXi/MXi-Prefix.pch";
				INSTALL_PATH = /Users/martin/Desktop;
				IPHONEOS_DEPLOYMENT_TARGET = 6.1;
				LIBRARY_SEARCH_PATHS = (
					"$(inherited)",
					"\"$(SRCROOT)\"",
				);
				ONLY_ACTIVE_ARCH = YES;
				OTHER_LDFLAGS = "$(inherited)";
				PRODUCT_NAME = MXi;
				PUBLIC_HEADERS_FOLDER_PATH = "include/$(PRODUCT_NAME)";
				SDKROOT = iphoneos;
				SKIP_INSTALL = NO;
				VALIDATE_PRODUCT = YES;
			};
			name = Release;
		};
/* End XCBuildConfiguration section */

/* Begin XCConfigurationList section */
		7944919B17199564000D53ED /* Build configuration list for PBXProject "MXi" */ = {
			isa = XCConfigurationList;
			buildConfigurations = (
				794491B417199564000D53ED /* Debug */,
				794491B517199564000D53ED /* Release */,
			);
			defaultConfigurationIsVisible = 0;
			defaultConfigurationName = Release;
		};
		794491B617199564000D53ED /* Build configuration list for PBXNativeTarget "MXi.framework" */ = {
			isa = XCConfigurationList;
			buildConfigurations = (
				794491B717199564000D53ED /* Debug */,
				794491B817199564000D53ED /* Release */,
			);
			defaultConfigurationIsVisible = 0;
			defaultConfigurationName = Release;
		};
		794491C7171995FF000D53ED /* Build configuration list for PBXNativeTarget "libMXi.a" */ = {
			isa = XCConfigurationList;
			buildConfigurations = (
				794491C8171995FF000D53ED /* Debug */,
				794491C9171995FF000D53ED /* Release */,
			);
			defaultConfigurationIsVisible = 0;
			defaultConfigurationName = Release;
		};
/* End XCConfigurationList section */
	};
	rootObject = 7944919817199564000D53ED /* Project object */;
}
